<Solution>
  <Project Path="src/Sudoku/Sudoku.csproj" />
  <Project Path="src/Crypto/Crypto.csproj" />
  <Project Path="tests/Crypto.Tests/Crypto.Tests.csproj" />
  <Project Path="src/GraphTheory/GraphTheory.csproj" />
  <Project Path="src/Algebra/Algebra.csproj" />
  <Project Path="tests/Algebra.Tests/Algebra.Tests.csproj" />
</Solution>
